
Microsoft Visual Studio Solution File, Format Version 12.00
# Visual Studio Version 16
VisualStudioVersion = 16.0.30804.86
MinimumVisualStudioVersion = 10.0.40219.1
Project("{FAE04EC0-301F-11D3-BF4B-00C04F79EFBC}") = "HotBlazor", "HotBlazor\HotBlazor.csproj", "{C2C2BA62-18AA-4130-9313-8BDE5B506CF6}"
EndProject
Global
	GlobalSection(SolutionConfigurationPlatforms) = preSolution
		Debug|Any CPU = Debug|Any CPU
		Release|Any CPU = Release|Any CPU
	EndGlobalSection
	GlobalSection(ProjectConfigurationPlatforms) = postSolution
		{C2C2BA62-18AA-4130-9313-8BDE5B506CF6}.Debug|Any CPU.ActiveCfg = Debug|Any CPU
		{C2C2BA62-18AA-4130-9313-8BDE5B506CF6}.Debug|Any CPU.Build.0 = Debug|Any CPU
		{C2C2BA62-18AA-4130-9313-8BDE5B506CF6}.Release|Any CPU.ActiveCfg = Release|Any CPU
		{C2C2BA62-18AA-4130-9313-8BDE5B506CF6}.Release|Any CPU.Build.0 = Release|Any CPU
	EndGlobalSection
	GlobalSection(SolutionProperties) = preSolution
		HideSolutionNode = FALSE
	EndGlobalSection
	GlobalSection(ExtensibilityGlobals) = postSolution
		SolutionGuid = {2C8F5F6B-4E0E-41B7-ABD1-623E19834406}
	EndGlobalSection
EndGlobal
